
Microsoft Visual Studio Solution File, Format Version 12.00
# Visual Studio Version 16
VisualStudioVersion = 16.0.30503.244
MinimumVisualStudioVersion = 10.0.40219.1
Project("{9A19103F-16F7-4668-BE54-9A1E7A4F7556}") = "eShopSolution.Web", "eShopSolution.Web\eShopSolution.Web.csproj", "{0734A32B-BB1F-491E-8F67-C0039BB27B8D}"
EndProject
Project("{2150E333-8FDC-42A3-9474-1A3956D46DE8}") = "Solution Items", "Solution Items", "{14BEAC20-455C-4E6C-BD7D-9DA508E7F8E0}"
	ProjectSection(SolutionItems) = preProject
		README.md = README.md
	EndProjectSection
EndProject
Project("{9A19103F-16F7-4668-BE54-9A1E7A4F7556}") = "eShopSolution.Data", "eShopSolution.Data\eShopSolution.Data.csproj", "{CA879AD3-9F97-4B95-A3F6-FDE97DEAF270}"
EndProject
Project("{9A19103F-16F7-4668-BE54-9A1E7A4F7556}") = "eShopSolution.Application", "eShopSolution.Application\eShopSolution.Application.csproj", "{73B64A3E-3BEF-42B6-8D24-518FAE13AEB2}"
EndProject
Project("{9A19103F-16F7-4668-BE54-9A1E7A4F7556}") = "eShopSolution.Test", "eShopSolution.Test\eShopSolution.Test.csproj", "{78B238EA-5CE8-4AA9-8980-CB89D82287B2}"
EndProject
Global
	GlobalSection(SolutionConfigurationPlatforms) = preSolution
		Debug|Any CPU = Debug|Any CPU
		Release|Any CPU = Release|Any CPU
	EndGlobalSection
	GlobalSection(ProjectConfigurationPlatforms) = postSolution
		{0734A32B-BB1F-491E-8F67-C0039BB27B8D}.Debug|Any CPU.ActiveCfg = Debug|Any CPU
		{0734A32B-BB1F-491E-8F67-C0039BB27B8D}.Debug|Any CPU.Build.0 = Debug|Any CPU
		{0734A32B-BB1F-491E-8F67-C0039BB27B8D}.Release|Any CPU.ActiveCfg = Release|Any CPU
		{0734A32B-BB1F-491E-8F67-C0039BB27B8D}.Release|Any CPU.Build.0 = Release|Any CPU
		{CA879AD3-9F97-4B95-A3F6-FDE97DEAF270}.Debug|Any CPU.ActiveCfg = Debug|Any CPU
		{CA879AD3-9F97-4B95-A3F6-FDE97DEAF270}.Debug|Any CPU.Build.0 = Debug|Any CPU
		{CA879AD3-9F97-4B95-A3F6-FDE97DEAF270}.Release|Any CPU.ActiveCfg = Release|Any CPU
		{CA879AD3-9F97-4B95-A3F6-FDE97DEAF270}.Release|Any CPU.Build.0 = Release|Any CPU
		{73B64A3E-3BEF-42B6-8D24-518FAE13AEB2}.Debug|Any CPU.ActiveCfg = Debug|Any CPU
		{73B64A3E-3BEF-42B6-8D24-518FAE13AEB2}.Debug|Any CPU.Build.0 = Debug|Any CPU
		{73B64A3E-3BEF-42B6-8D24-518FAE13AEB2}.Release|Any CPU.ActiveCfg = Release|Any CPU
		{73B64A3E-3BEF-42B6-8D24-518FAE13AEB2}.Release|Any CPU.Build.0 = Release|Any CPU
		{78B238EA-5CE8-4AA9-8980-CB89D82287B2}.Debug|Any CPU.ActiveCfg = Debug|Any CPU
		{78B238EA-5CE8-4AA9-8980-CB89D82287B2}.Debug|Any CPU.Build.0 = Debug|Any CPU
		{78B238EA-5CE8-4AA9-8980-CB89D82287B2}.Release|Any CPU.ActiveCfg = Release|Any CPU
		{78B238EA-5CE8-4AA9-8980-CB89D82287B2}.Release|Any CPU.Build.0 = Release|Any CPU
	EndGlobalSection
	GlobalSection(SolutionProperties) = preSolution
		HideSolutionNode = FALSE
	EndGlobalSection
	GlobalSection(ExtensibilityGlobals) = postSolution
		SolutionGuid = {D0F2B1A5-384A-4199-8A33-22F9CE860098}
	EndGlobalSection
EndGlobal
